
Microsoft Visual Studio Solution File, Format Version 12.00
# Visual Studio Version 17
VisualStudioVersion = 17.13.35931.197 d17.13
MinimumVisualStudioVersion = 10.0.40219.1
Project("{FAE04EC0-301F-11D3-BF4B-00C04F79EFBC}") = "toolvana.API", "toolvana.API\toolvana.API.csproj", "{F0DE7A68-D356-4133-A8BF-3194AE405870}"
EndProject
Global
	GlobalSection(SolutionConfigurationPlatforms) = preSolution
		Debug|Any CPU = Debug|Any CPU
		Release|Any CPU = Release|Any CPU
	EndGlobalSection
	GlobalSection(ProjectConfigurationPlatforms) = postSolution
		{F0DE7A68-D356-4133-A8BF-3194AE405870}.Debug|Any CPU.ActiveCfg = Debug|Any CPU
		{F0DE7A68-D356-4133-A8BF-3194AE405870}.Debug|Any CPU.Build.0 = Debug|Any CPU
		{F0DE7A68-D356-4133-A8BF-3194AE405870}.Release|Any CPU.ActiveCfg = Release|Any CPU
		{F0DE7A68-D356-4133-A8BF-3194AE405870}.Release|Any CPU.Build.0 = Release|Any CPU
	EndGlobalSection
	GlobalSection(SolutionProperties) = preSolution
		HideSolutionNode = FALSE
	EndGlobalSection
	GlobalSection(ExtensibilityGlobals) = postSolution
		SolutionGuid = {F0532655-163D-4796-8A2F-1882D3312E75}
	EndGlobalSection
EndGlobal
